// !$*UTF8*$!
{
	archiveVersion = 1;
	classes = {
	};
	objectVersion = 56;
	objects = {

/* Begin PBXBuildFile section */
		7BDA7726296B437F00DA2C37 /* DropDownPickerApp.swift in Sources */ = {isa = PBXBuildFile; fileRef = 7BDA7725296B437F00DA2C37 /* DropDownPickerApp.swift */; };
		7BDA7728296B437F00DA2C37 /* ContentView.swift in Sources */ = {isa = PBXBuildFile; fileRef = 7BDA7727296B437F00DA2C37 /* ContentView.swift */; };
		7BDA772A296B438300DA2C37 /* Assets.xcassets in Resources */ = {isa = PBXBuildFile; fileRef = 7BDA7729296B438300DA2C37 /* Assets.xcassets */; };
		7BDA772D296B438300DA2C37 /* Preview Assets.xcassets in Resources */ = {isa = PBXBuildFile; fileRef = 7BDA772C296B438300DA2C37 /* Preview Assets.xcassets */; };
		7BDA772F296B438300DA2C37 /* Persistence.swift in Sources */ = {isa = PBXBuildFile; fileRef = 7BDA772E296B438300DA2C37 /* Persistence.swift */; };
		7BDA7732296B438300DA2C37 /* DropDownPicker.xcdatamodeld in Sources */ = {isa = PBXBuildFile; fileRef = 7BDA7730296B438300DA2C37 /* DropDownPicker.xcdatamodeld */; };
		7BDA773C296B438400DA2C37 /* DropDownPickerTests.swift in Sources */ = {isa = PBXBuildFile; fileRef = 7BDA773B296B438400DA2C37 /* DropDownPickerTests.swift */; };
		7BDA7746296B438400DA2C37 /* DropDownPickerUITests.swift in Sources */ = {isa = PBXBuildFile; fileRef = 7BDA7745296B438400DA2C37 /* DropDownPickerUITests.swift */; };
		7BDA7748296B438400DA2C37 /* DropDownPickerUITestsLaunchTests.swift in Sources */ = {isa = PBXBuildFile; fileRef = 7BDA7747296B438400DA2C37 /* DropDownPickerUITestsLaunchTests.swift */; };
/* End PBXBuildFile section */

/* Begin PBXContainerItemProxy section */
		7BDA7738296B438400DA2C37 /* PBXContainerItemProxy */ = {
			isa = PBXContainerItemProxy;
			containerPortal = 7BDA771A296B437F00DA2C37 /* Project object */;
			proxyType = 1;
			remoteGlobalIDString = 7BDA7721296B437F00DA2C37;
			remoteInfo = DropDownPicker;
		};
		7BDA7742296B438400DA2C37 /* PBXContainerItemProxy */ = {
			isa = PBXContainerItemProxy;
			containerPortal = 7BDA771A296B437F00DA2C37 /* Project object */;
			proxyType = 1;
			remoteGlobalIDString = 7BDA7721296B437F00DA2C37;
			remoteInfo = DropDownPicker;
		};
/* End PBXContainerItemProxy section */

/* Begin PBXFileReference section */
		7BDA7722296B437F00DA2C37 /* DropDownPicker.app */ = {isa = PBXFileReference; explicitFileType = wrapper.application; includeInIndex = 0; path = DropDownPicker.app; sourceTree = BUILT_PRODUCTS_DIR; };
		7BDA7725296B437F00DA2C37 /* DropDownPickerApp.swift */ = {isa = PBXFileReference; lastKnownFileType = sourcecode.swift; path = DropDownPickerApp.swift; sourceTree = "<group>"; };
		7BDA7727296B437F00DA2C37 /* ContentView.swift */ = {isa = PBXFileReference; lastKnownFileType = sourcecode.swift; path = ContentView.swift; sourceTree = "<group>"; };
		7BDA7729296B438300DA2C37 /* Assets.xcassets */ = {isa = PBXFileReference; lastKnownFileType = folder.assetcatalog; path = Assets.xcassets; sourceTree = "<group>"; };
		7BDA772C296B438300DA2C37 /* Preview Assets.xcassets */ = {isa = PBXFileReference; lastKnownFileType = folder.assetcatalog; path = "Preview Assets.xcassets"; sourceTree = "<group>"; };
		7BDA772E296B438300DA2C37 /* Persistence.swift */ = {isa = PBXFileReference; lastKnownFileType = sourcecode.swift; path = Persistence.swift; sourceTree = "<group>"; };
		7BDA7731296B438300DA2C37 /* DropDownPicker.xcdatamodel */ = {isa = PBXFileReference; lastKnownFileType = wrapper.xcdatamodel; path = DropDownPicker.xcdatamodel; sourceTree = "<group>"; };
		7BDA7737296B438400DA2C37 /* DropDownPickerTests.xctest */ = {isa = PBXFileReference; explicitFileType = wrapper.cfbundle; includeInIndex = 0; path = DropDownPickerTests.xctest; sourceTree = BUILT_PRODUCTS_DIR; };
		7BDA773B296B438400DA2C37 /* DropDownPickerTests.swift */ = {isa = PBXFileReference; lastKnownFileType = sourcecode.swift; path = DropDownPickerTests.swift; sourceTree = "<group>"; };
		7BDA7741296B438400DA2C37 /* DropDownPickerUITests.xctest */ = {isa = PBXFileReference; explicitFileType = wrapper.cfbundle; includeInIndex = 0; path = DropDownPickerUITests.xctest; sourceTree = BUILT_PRODUCTS_DIR; };
		7BDA7745296B438400DA2C37 /* DropDownPickerUITests.swift */ = {isa = PBXFileReference; lastKnownFileType = sourcecode.swift; path = DropDownPickerUITests.swift; sourceTree = "<group>"; };
		7BDA7747296B438400DA2C37 /* DropDownPickerUITestsLaunchTests.swift */ = {isa = PBXFileReference; lastKnownFileType = sourcecode.swift; path = DropDownPickerUITestsLaunchTests.swift; sourceTree = "<group>"; };
/* End PBXFileReference section */

/* Begin PBXFrameworksBuildPhase section */
		7BDA771F296B437F00DA2C37 /* Frameworks */ = {
			isa = PBXFrameworksBuildPhase;
			buildActionMask = 2147483647;
			files = (
			);
			runOnlyForDeploymentPostprocessing = 0;
		};
		7BDA7734296B438400DA2C37 /* Frameworks */ = {
			isa = PBXFrameworksBuildPhase;
			buildActionMask = 2147483647;
			files = (
			);
			runOnlyForDeploymentPostprocessing = 0;
		};
		7BDA773E296B438400DA2C37 /* Frameworks */ = {
			isa = PBXFrameworksBuildPhase;
			buildActionMask = 2147483647;
			files = (
			);
			runOnlyForDeploymentPostprocessing = 0;
		};
/* End PBXFrameworksBuildPhase section */

/* Begin PBXGroup section */
		7BDA7719296B437F00DA2C37 = {
			isa = PBXGroup;
			children = (
				7BDA7724296B437F00DA2C37 /* DropDownPicker */,
				7BDA773A296B438400DA2C37 /* DropDownPickerTests */,
				7BDA7744296B438400DA2C37 /* DropDownPickerUITests */,
				7BDA7723296B437F00DA2C37 /* Products */,
			);
			sourceTree = "<group>";
		};
		7BDA7723296B437F00DA2C37 /* Products */ = {
			isa = PBXGroup;
			children = (
				7BDA7722296B437F00DA2C37 /* DropDownPicker.app */,
				7BDA7737296B438400DA2C37 /* DropDownPickerTests.xctest */,
				7BDA7741296B438400DA2C37 /* DropDownPickerUITests.xctest */,
			);
			name = Products;
			sourceTree = "<group>";
		};
		7BDA7724296B437F00DA2C37 /* DropDownPicker */ = {
			isa = PBXGroup;
			children = (
				7BDA7725296B437F00DA2C37 /* DropDownPickerApp.swift */,
				7BDA7727296B437F00DA2C37 /* ContentView.swift */,
				7BDA7729296B438300DA2C37 /* Assets.xcassets */,
				7BDA772E296B438300DA2C37 /* Persistence.swift */,
				7BDA7730296B438300DA2C37 /* DropDownPicker.xcdatamodeld */,
				7BDA772B296B438300DA2C37 /* Preview Content */,
			);
			path = DropDownPicker;
			sourceTree = "<group>";
		};
		7BDA772B296B438300DA2C37 /* Preview Content */ = {
			isa = PBXGroup;
			children = (
				7BDA772C296B438300DA2C37 /* Preview Assets.xcassets */,
			);
			path = "Preview Content";
			sourceTree = "<group>";
		};
		7BDA773A296B438400DA2C37 /* DropDownPickerTests */ = {
			isa = PBXGroup;
			children = (
				7BDA773B296B438400DA2C37 /* DropDownPickerTests.swift */,
			);
			path = DropDownPickerTests;
			sourceTree = "<group>";
		};
		7BDA7744296B438400DA2C37 /* DropDownPickerUITests */ = {
			isa = PBXGroup;
			children = (
				7BDA7745296B438400DA2C37 /* DropDownPickerUITests.swift */,
				7BDA7747296B438400DA2C37 /* DropDownPickerUITestsLaunchTests.swift */,
			);
			path = DropDownPickerUITests;
			sourceTree = "<group>";
		};
/* End PBXGroup section */

/* Begin PBXNativeTarget section */
		7BDA7721296B437F00DA2C37 /* DropDownPicker */ = {
			isa = PBXNativeTarget;
			buildConfigurationList = 7BDA774B296B438400DA2C37 /* Build configuration list for PBXNativeTarget "DropDownPicker" */;
			buildPhases = (
				7BDA771E296B437F00DA2C37 /* Sources */,
				7BDA771F296B437F00DA2C37 /* Frameworks */,
				7BDA7720296B437F00DA2C37 /* Resources */,
			);
			buildRules = (
			);
			dependencies = (
			);
			name = DropDownPicker;
			productName = DropDownPicker;
			productReference = 7BDA7722296B437F00DA2C37 /* DropDownPicker.app */;
			productType = "com.apple.product-type.application";
		};
		7BDA7736296B438400DA2C37 /* DropDownPickerTests */ = {
			isa = PBXNativeTarget;
			buildConfigurationList = 7BDA774E296B438400DA2C37 /* Build configuration list for PBXNativeTarget "DropDownPickerTests" */;
			buildPhases = (
				7BDA7733296B438400DA2C37 /* Sources */,
				7BDA7734296B438400DA2C37 /* Frameworks */,
				7BDA7735296B438400DA2C37 /* Resources */,
			);
			buildRules = (
			);
			dependencies = (
				7BDA7739296B438400DA2C37 /* PBXTargetDependency */,
			);
			name = DropDownPickerTests;
			productName = DropDownPickerTests;
			productReference = 7BDA7737296B438400DA2C37 /* DropDownPickerTests.xctest */;
			productType = "com.apple.product-type.bundle.unit-test";
		};
		7BDA7740296B438400DA2C37 /* DropDownPickerUITests */ = {
			isa = PBXNativeTarget;
			buildConfigurationList = 7BDA7751296B438400DA2C37 /* Build configuration list for PBXNativeTarget "DropDownPickerUITests" */;
			buildPhases = (
				7BDA773D296B438400DA2C37 /* Sources */,
				7BDA773E296B438400DA2C37 /* Frameworks */,
				7BDA773F296B438400DA2C37 /* Resources */,
			);
			buildRules = (
			);
			dependencies = (
				7BDA7743296B438400DA2C37 /* PBXTargetDependency */,
			);
			name = DropDownPickerUITests;
			productName = DropDownPickerUITests;
			productReference = 7BDA7741296B438400DA2C37 /* DropDownPickerUITests.xctest */;
			productType = "com.apple.product-type.bundle.ui-testing";
		};
/* End PBXNativeTarget section */

/* Begin PBXProject section */
		7BDA771A296B437F00DA2C37 /* Project object */ = {
			isa = PBXProject;
			attributes = {
				BuildIndependentTargetsInParallel = 1;
				LastSwiftUpdateCheck = 1410;
				LastUpgradeCheck = 1410;
				TargetAttributes = {
					7BDA7721296B437F00DA2C37 = {
						CreatedOnToolsVersion = 14.1;
					};
					7BDA7736296B438400DA2C37 = {
						CreatedOnToolsVersion = 14.1;
						TestTargetID = 7BDA7721296B437F00DA2C37;
					};
					7BDA7740296B438400DA2C37 = {
						CreatedOnToolsVersion = 14.1;
						TestTargetID = 7BDA7721296B437F00DA2C37;
					};
				};
			};
			buildConfigurationList = 7BDA771D296B437F00DA2C37 /* Build configuration list for PBXProject "DropDownPicker" */;
			compatibilityVersion = "Xcode 14.0";
			developmentRegion = en;
			hasScannedForEncodings = 0;
			knownRegions = (
				en,
				Base,
			);
			mainGroup = 7BDA7719296B437F00DA2C37;
			productRefGroup = 7BDA7723296B437F00DA2C37 /* Products */;
			projectDirPath = "";
			projectRoot = "";
			targets = (
				7BDA7721296B437F00DA2C37 /* DropDownPicker */,
				7BDA7736296B438400DA2C37 /* DropDownPickerTests */,
				7BDA7740296B438400DA2C37 /* DropDownPickerUITests */,
			);
		};
/* End PBXProject section */

/* Begin PBXResourcesBuildPhase section */
		7BDA7720296B437F00DA2C37 /* Resources */ = {
			isa = PBXResourcesBuildPhase;
			buildActionMask = 2147483647;
			files = (
				7BDA772D296B438300DA2C37 /* Preview Assets.xcassets in Resources */,
				7BDA772A296B438300DA2C37 /* Assets.xcassets in Resources */,
			);
			runOnlyForDeploymentPostprocessing = 0;
		};
		7BDA7735296B438400DA2C37 /* Resources */ = {
			isa = PBXResourcesBuildPhase;
			buildActionMask = 2147483647;
			files = (
			);
			runOnlyForDeploymentPostprocessing = 0;
		};
		7BDA773F296B438400DA2C37 /* Resources */ = {
			isa = PBXResourcesBuildPhase;
			buildActionMask = 2147483647;
			files = (
			);
			runOnlyForDeploymentPostprocessing = 0;
		};
/* End PBXResourcesBuildPhase section */

/* Begin PBXSourcesBuildPhase section */
		7BDA771E296B437F00DA2C37 /* Sources */ = {
			isa = PBXSourcesBuildPhase;
			buildActionMask = 2147483647;
			files = (
				7BDA772F296B438300DA2C37 /* Persistence.swift in Sources */,
				7BDA7728296B437F00DA2C37 /* ContentView.swift in Sources */,
				7BDA7732296B438300DA2C37 /* DropDownPicker.xcdatamodeld in Sources */,
				7BDA7726296B437F00DA2C37 /* DropDownPickerApp.swift in Sources */,
			);
			runOnlyForDeploymentPostprocessing = 0;
		};
		7BDA7733296B438400DA2C37 /* Sources */ = {
			isa = PBXSourcesBuildPhase;
			buildActionMask = 2147483647;
			files = (
				7BDA773C296B438400DA2C37 /* DropDownPickerTests.swift in Sources */,
			);
			runOnlyForDeploymentPostprocessing = 0;
		};
		7BDA773D296B438400DA2C37 /* Sources */ = {
			isa = PBXSourcesBuildPhase;
			buildActionMask = 2147483647;
			files = (
				7BDA7746296B438400DA2C37 /* DropDownPickerUITests.swift in Sources */,
				7BDA7748296B438400DA2C37 /* DropDownPickerUITestsLaunchTests.swift in Sources */,
			);
			runOnlyForDeploymentPostprocessing = 0;
		};
/* End PBXSourcesBuildPhase section */

/* Begin PBXTargetDependency section */
		7BDA7739296B438400DA2C37 /* PBXTargetDependency */ = {
			isa = PBXTargetDependency;
			target = 7BDA7721296B437F00DA2C37 /* DropDownPicker */;
			targetProxy = 7BDA7738296B438400DA2C37 /* PBXContainerItemProxy */;
		};
		7BDA7743296B438400DA2C37 /* PBXTargetDependency */ = {
			isa = PBXTargetDependency;
			target = 7BDA7721296B437F00DA2C37 /* DropDownPicker */;
			targetProxy = 7BDA7742296B438400DA2C37 /* PBXContainerItemProxy */;
		};
/* End PBXTargetDependency section */

/* Begin XCBuildConfiguration section */
		7BDA7749296B438400DA2C37 /* Debug */ = {
			isa = XCBuildConfiguration;
			buildSettings = {
				ALWAYS_SEARCH_USER_PATHS = NO;
				CLANG_ANALYZER_NONNULL = YES;
				CLANG_ANALYZER_NUMBER_OBJECT_CONVERSION = YES_AGGRESSIVE;
				CLANG_CXX_LANGUAGE_STANDARD = "gnu++20";
				CLANG_ENABLE_MODULES = YES;
				CLANG_ENABLE_OBJC_ARC = YES;
				CLANG_ENABLE_OBJC_WEAK = YES;
				CLANG_WARN_BLOCK_CAPTURE_AUTORELEASING = YES;
				CLANG_WARN_BOOL_CONVERSION = YES;
				CLANG_WARN_COMMA = YES;
				CLANG_WARN_CONSTANT_CONVERSION = YES;
				CLANG_WARN_DEPRECATED_OBJC_IMPLEMENTATIONS = YES;
				CLANG_WARN_DIRECT_OBJC_ISA_USAGE = YES_ERROR;
				CLANG_WARN_DOCUMENTATION_COMMENTS = YES;
				CLANG_WARN_EMPTY_BODY = YES;
				CLANG_WARN_ENUM_CONVERSION = YES;
				CLANG_WARN_INFINITE_RECURSION = YES;
				CLANG_WARN_INT_CONVERSION = YES;
				CLANG_WARN_NON_LITERAL_NULL_CONVERSION = YES;
				CLANG_WARN_OBJC_IMPLICIT_RETAIN_SELF = YES;
				CLANG_WARN_OBJC_LITERAL_CONVERSION = YES;
				CLANG_WARN_OBJC_ROOT_CLASS = YES_ERROR;
				CLANG_WARN_QUOTED_INCLUDE_IN_FRAMEWORK_HEADER = YES;
				CLANG_WARN_RANGE_LOOP_ANALYSIS = YES;
				CLANG_WARN_STRICT_PROTOTYPES = YES;
				CLANG_WARN_SUSPICIOUS_MOVE = YES;
				CLANG_WARN_UNGUARDED_AVAILABILITY = YES_AGGRESSIVE;
				CLANG_WARN_UNREACHABLE_CODE = YES;
				CLANG_WARN__DUPLICATE_METHOD_MATCH = YES;
				COPY_PHASE_STRIP = NO;
				DEBUG_INFORMATION_FORMAT = dwarf;
				ENABLE_STRICT_OBJC_MSGSEND = YES;
				ENABLE_TESTABILITY = YES;
				GCC_C_LANGUAGE_STANDARD = gnu11;
				GCC_DYNAMIC_NO_PIC = NO;
				GCC_NO_COMMON_BLOCKS = YES;
				GCC_OPTIMIZATION_LEVEL = 0;
				GCC_PREPROCESSOR_DEFINITIONS = (
					"DEBUG=1",
					"$(inherited)",
				);
				GCC_WARN_64_TO_32_BIT_CONVERSION = YES;
				GCC_WARN_ABOUT_RETURN_TYPE = YES_ERROR;
				GCC_WARN_UNDECLARED_SELECTOR = YES;
				GCC_WARN_UNINITIALIZED_AUTOS = YES_AGGRESSIVE;
				GCC_WARN_UNUSED_FUNCTION = YES;
				GCC_WARN_UNUSED_VARIABLE = YES;
				IPHONEOS_DEPLOYMENT_TARGET = 16.1;
				MTL_ENABLE_DEBUG_INFO = INCLUDE_SOURCE;
				MTL_FAST_MATH = YES;
				ONLY_ACTIVE_ARCH = YES;
				SDKROOT = iphoneos;
				SWIFT_ACTIVE_COMPILATION_CONDITIONS = DEBUG;
				SWIFT_OPTIMIZATION_LEVEL = "-Onone";
			};
			name = Debug;
		};
		7BDA774A296B438400DA2C37 /* Release */ = {
			isa = XCBuildConfiguration;
			buildSettings = {
				ALWAYS_SEARCH_USER_PATHS = NO;
				CLANG_ANALYZER_NONNULL = YES;
				CLANG_ANALYZER_NUMBER_OBJECT_CONVERSION = YES_AGGRESSIVE;
				CLANG_CXX_LANGUAGE_STANDARD = "gnu++20";
				CLANG_ENABLE_MODULES = YES;
				CLANG_ENABLE_OBJC_ARC = YES;
				CLANG_ENABLE_OBJC_WEAK = YES;
				CLANG_WARN_BLOCK_CAPTURE_AUTORELEASING = YES;
				CLANG_WARN_BOOL_CONVERSION = YES;
				CLANG_WARN_COMMA = YES;
				CLANG_WARN_CONSTANT_CONVERSION = YES;
				CLANG_WARN_DEPRECATED_OBJC_IMPLEMENTATIONS = YES;
				CLANG_WARN_DIRECT_OBJC_ISA_USAGE = YES_ERROR;
				CLANG_WARN_DOCUMENTATION_COMMENTS = YES;
				CLANG_WARN_EMPTY_BODY = YES;
				CLANG_WARN_ENUM_CONVERSION = YES;
				CLANG_WARN_INFINITE_RECURSION = YES;
				CLANG_WARN_INT_CONVERSION = YES;
				CLANG_WARN_NON_LITERAL_NULL_CONVERSION = YES;
				CLANG_WARN_OBJC_IMPLICIT_RETAIN_SELF = YES;
				CLANG_WARN_OBJC_LITERAL_CONVERSION = YES;
				CLANG_WARN_OBJC_ROOT_CLASS = YES_ERROR;
				CLANG_WARN_QUOTED_INCLUDE_IN_FRAMEWORK_HEADER = YES;
				CLANG_WARN_RANGE_LOOP_ANALYSIS = YES;
				CLANG_WARN_STRICT_PROTOTYPES = YES;
				CLANG_WARN_SUSPICIOUS_MOVE = YES;
				CLANG_WARN_UNGUARDED_AVAILABILITY = YES_AGGRESSIVE;
				CLANG_WARN_UNREACHABLE_CODE = YES;
				CLANG_WARN__DUPLICATE_METHOD_MATCH = YES;
				COPY_PHASE_STRIP = NO;
				DEBUG_INFORMATION_FORMAT = "dwarf-with-dsym";
				ENABLE_NS_ASSERTIONS = NO;
				ENABLE_STRICT_OBJC_MSGSEND = YES;
				GCC_C_LANGUAGE_STANDARD = gnu11;
				GCC_NO_COMMON_BLOCKS = YES;
				GCC_WARN_64_TO_32_BIT_CONVERSION = YES;
				GCC_WARN_ABOUT_RETURN_TYPE = YES_ERROR;
				GCC_WARN_UNDECLARED_SELECTOR = YES;
				GCC_WARN_UNINITIALIZED_AUTOS = YES_AGGRESSIVE;
				GCC_WARN_UNUSED_FUNCTION = YES;
				GCC_WARN_UNUSED_VARIABLE = YES;
				IPHONEOS_DEPLOYMENT_TARGET = 16.1;
				MTL_ENABLE_DEBUG_INFO = NO;
				MTL_FAST_MATH = YES;
				SDKROOT = iphoneos;
				SWIFT_COMPILATION_MODE = wholemodule;
				SWIFT_OPTIMIZATION_LEVEL = "-O";
				VALIDATE_PRODUCT = YES;
			};
			name = Release;
		};
		7BDA774C296B438400DA2C37 /* Debug */ = {
			isa = XCBuildConfiguration;
			buildSettings = {
				ASSETCATALOG_COMPILER_APPICON_NAME = AppIcon;
				ASSETCATALOG_COMPILER_GLOBAL_ACCENT_COLOR_NAME = AccentColor;
				CODE_SIGN_STYLE = Automatic;
				CURRENT_PROJECT_VERSION = 1;
				DEVELOPMENT_ASSET_PATHS = "\"DropDownPicker/Preview Content\"";
				DEVELOPMENT_TEAM = XRR5P3RD3X;
				ENABLE_PREVIEWS = YES;
				GENERATE_INFOPLIST_FILE = YES;
				INFOPLIST_KEY_UIApplicationSceneManifest_Generation = YES;
				INFOPLIST_KEY_UIApplicationSupportsIndirectInputEvents = YES;
				INFOPLIST_KEY_UILaunchScreen_Generation = YES;
				INFOPLIST_KEY_UISupportedInterfaceOrientations_iPad = "UIInterfaceOrientationPortrait UIInterfaceOrientationPortraitUpsideDown UIInterfaceOrientationLandscapeLeft UIInterfaceOrientationLandscapeRight";
				INFOPLIST_KEY_UISupportedInterfaceOrientations_iPhone = "UIInterfaceOrientationPortrait UIInterfaceOrientationLandscapeLeft UIInterfaceOrientationLandscapeRight";
				LD_RUNPATH_SEARCH_PATHS = (
					"$(inherited)",
					"@executable_path/Frameworks",
				);
				MARKETING_VERSION = 1.0;
				PRODUCT_BUNDLE_IDENTIFIER = abdullahkaraboga.DropDownPicker;
				PRODUCT_NAME = "$(TARGET_NAME)";
				SWIFT_EMIT_LOC_STRINGS = YES;
				SWIFT_VERSION = 5.0;
				TARGETED_DEVICE_FAMILY = "1,2";
			};
			name = Debug;
		};
		7BDA774D296B438400DA2C37 /* Release */ = {
			isa = XCBuildConfiguration;
			buildSettings = {
				ASSETCATALOG_COMPILER_APPICON_NAME = AppIcon;
				ASSETCATALOG_COMPILER_GLOBAL_ACCENT_COLOR_NAME = AccentColor;
				CODE_SIGN_STYLE = Automatic;
				CURRENT_PROJECT_VERSION = 1;
				DEVELOPMENT_ASSET_PATHS = "\"DropDownPicker/Preview Content\"";
				DEVELOPMENT_TEAM = XRR5P3RD3X;
				ENABLE_PREVIEWS = YES;
				GENERATE_INFOPLIST_FILE = YES;
				INFOPLIST_KEY_UIApplicationSceneManifest_Generation = YES;
				INFOPLIST_KEY_UIApplicationSupportsIndirectInputEvents = YES;
				INFOPLIST_KEY_UILaunchScreen_Generation = YES;
				INFOPLIST_KEY_UISupportedInterfaceOrientations_iPad = "UIInterfaceOrientationPortrait UIInterfaceOrientationPortraitUpsideDown UIInterfaceOrientationLandscapeLeft UIInterfaceOrientationLandscapeRight";
				INFOPLIST_KEY_UISupportedInterfaceOrientations_iPhone = "UIInterfaceOrientationPortrait UIInterfaceOrientationLandscapeLeft UIInterfaceOrientationLandscapeRight";
				LD_RUNPATH_SEARCH_PATHS = (
					"$(inherited)",
					"@executable_path/Frameworks",
				);
				MARKETING_VERSION = 1.0;
				PRODUCT_BUNDLE_IDENTIFIER = abdullahkaraboga.DropDownPicker;
				PRODUCT_NAME = "$(TARGET_NAME)";
				SWIFT_EMIT_LOC_STRINGS = YES;
				SWIFT_VERSION = 5.0;
				TARGETED_DEVICE_FAMILY = "1,2";
			};
			name = Release;
		};
		7BDA774F296B438400DA2C37 /* Debug */ = {
			isa = XCBuildConfiguration;
			buildSettings = {
				ALWAYS_EMBED_SWIFT_STANDARD_LIBRARIES = YES;
				BUNDLE_LOADER = "$(TEST_HOST)";
				CODE_SIGN_STYLE = Automatic;
				CURRENT_PROJECT_VERSION = 1;
				DEVELOPMENT_TEAM = XRR5P3RD3X;
				GENERATE_INFOPLIST_FILE = YES;
				IPHONEOS_DEPLOYMENT_TARGET = 16.1;
				MARKETING_VERSION = 1.0;
				PRODUCT_BUNDLE_IDENTIFIER = abdullahkaraboga.DropDownPickerTests;
				PRODUCT_NAME = "$(TARGET_NAME)";
				SWIFT_EMIT_LOC_STRINGS = NO;
				SWIFT_VERSION = 5.0;
				TARGETED_DEVICE_FAMILY = "1,2";
				TEST_HOST = "$(BUILT_PRODUCTS_DIR)/DropDownPicker.app/$(BUNDLE_EXECUTABLE_FOLDER_PATH)/DropDownPicker";
			};
			name = Debug;
		};
		7BDA7750296B438400DA2C37 /* Release */ = {
			isa = XCBuildConfiguration;
			buildSettings = {
				ALWAYS_EMBED_SWIFT_STANDARD_LIBRARIES = YES;
				BUNDLE_LOADER = "$(TEST_HOST)";
				CODE_SIGN_STYLE = Automatic;
				CURRENT_PROJECT_VERSION = 1;
				DEVELOPMENT_TEAM = XRR5P3RD3X;
				GENERATE_INFOPLIST_FILE = YES;
				IPHONEOS_DEPLOYMENT_TARGET = 16.1;
				MARKETING_VERSION = 1.0;
				PRODUCT_BUNDLE_IDENTIFIER = abdullahkaraboga.DropDownPickerTests;
				PRODUCT_NAME = "$(TARGET_NAME)";
				SWIFT_EMIT_LOC_STRINGS = NO;
				SWIFT_VERSION = 5.0;
				TARGETED_DEVICE_FAMILY = "1,2";
				TEST_HOST = "$(BUILT_PRODUCTS_DIR)/DropDownPicker.app/$(BUNDLE_EXECUTABLE_FOLDER_PATH)/DropDownPicker";
			};
			name = Release;
		};
		7BDA7752296B438400DA2C37 /* Debug */ = {
			isa = XCBuildConfiguration;
			buildSettings = {
				ALWAYS_EMBED_SWIFT_STANDARD_LIBRARIES = YES;
				CODE_SIGN_STYLE = Automatic;
				CURRENT_PROJECT_VERSION = 1;
				DEVELOPMENT_TEAM = XRR5P3RD3X;
				GENERATE_INFOPLIST_FILE = YES;
				MARKETING_VERSION = 1.0;
				PRODUCT_BUNDLE_IDENTIFIER = abdullahkaraboga.DropDownPickerUITests;
				PRODUCT_NAME = "$(TARGET_NAME)";
				SWIFT_EMIT_LOC_STRINGS = NO;
				SWIFT_VERSION = 5.0;
				TARGETED_DEVICE_FAMILY = "1,2";
				TEST_TARGET_NAME = DropDownPicker;
			};
			name = Debug;
		};
		7BDA7753296B438400DA2C37 /* Release */ = {
			isa = XCBuildConfiguration;
			buildSettings = {
				ALWAYS_EMBED_SWIFT_STANDARD_LIBRARIES = YES;
				CODE_SIGN_STYLE = Automatic;
				CURRENT_PROJECT_VERSION = 1;
				DEVELOPMENT_TEAM = XRR5P3RD3X;
				GENERATE_INFOPLIST_FILE = YES;
				MARKETING_VERSION = 1.0;
				PRODUCT_BUNDLE_IDENTIFIER = abdullahkaraboga.DropDownPickerUITests;
				PRODUCT_NAME = "$(TARGET_NAME)";
				SWIFT_EMIT_LOC_STRINGS = NO;
				SWIFT_VERSION = 5.0;
				TARGETED_DEVICE_FAMILY = "1,2";
				TEST_TARGET_NAME = DropDownPicker;
			};
			name = Release;
		};
/* End XCBuildConfiguration section */

/* Begin XCConfigurationList section */
		7BDA771D296B437F00DA2C37 /* Build configuration list for PBXProject "DropDownPicker" */ = {
			isa = XCConfigurationList;
			buildConfigurations = (
				7BDA7749296B438400DA2C37 /* Debug */,
				7BDA774A296B438400DA2C37 /* Release */,
			);
			defaultConfigurationIsVisible = 0;
			defaultConfigurationName = Release;
		};
		7BDA774B296B438400DA2C37 /* Build configuration list for PBXNativeTarget "DropDownPicker" */ = {
			isa = XCConfigurationList;
			buildConfigurations = (
				7BDA774C296B438400DA2C37 /* Debug */,
				7BDA774D296B438400DA2C37 /* Release */,
			);
			defaultConfigurationIsVisible = 0;
			defaultConfigurationName = Release;
		};
		7BDA774E296B438400DA2C37 /* Build configuration list for PBXNativeTarget "DropDownPickerTests" */ = {
			isa = XCConfigurationList;
			buildConfigurations = (
				7BDA774F296B438400DA2C37 /* Debug */,
				7BDA7750296B438400DA2C37 /* Release */,
			);
			defaultConfigurationIsVisible = 0;
			defaultConfigurationName = Release;
		};
		7BDA7751296B438400DA2C37 /* Build configuration list for PBXNativeTarget "DropDownPickerUITests" */ = {
			isa = XCConfigurationList;
			buildConfigurations = (
				7BDA7752296B438400DA2C37 /* Debug */,
				7BDA7753296B438400DA2C37 /* Release */,
			);
			defaultConfigurationIsVisible = 0;
			defaultConfigurationName = Release;
		};
/* End XCConfigurationList section */

/* Begin XCVersionGroup section */
		7BDA7730296B438300DA2C37 /* DropDownPicker.xcdatamodeld */ = {
			isa = XCVersionGroup;
			children = (
				7BDA7731296B438300DA2C37 /* DropDownPicker.xcdatamodel */,
			);
			currentVersion = 7BDA7731296B438300DA2C37 /* DropDownPicker.xcdatamodel */;
			path = DropDownPicker.xcdatamodeld;
			sourceTree = "<group>";
			versionGroupType = wrapper.xcdatamodel;
		};
/* End XCVersionGroup section */
	};
	rootObject = 7BDA771A296B437F00DA2C37 /* Project object */;
}
